PODS:
  - device_info_plus (0.0.1):
    - Flutter
  - Flutter (1.0.0)
  - flutter_inappwebview_ios (0.0.1):
    - Flutter
    - flutter_inappwebview_ios/Core (= 0.0.1)
    - OrderedSet (~> 6.0.3)
  - flutter_inappwebview_ios/Core (0.0.1):
    - Flutter
    - OrderedSet (~> 6.0.3)
  - flutter_keyboard_visibility (0.0.1):
    - Flutter
  - flutter_native_splash (0.0.1):
    - Flutter
  - gal (1.0.0):
    - Flutter
    - FlutterMacOS
  - image_picker_ios (0.0.1):
    - Flutter
  - irondash_engine_context (0.0.1):
    - Flutter
  - OrderedSet (6.0.3)
  - path_provider_foundation (0.0.1):
    - Flutter
    - FlutterMacOS
  - sqflite_darwin (0.0.4):
    - Flutter
    - FlutterMacOS
  - super_native_extensions (0.0.1):
    - Flutter
  - url_launcher_ios (0.0.1):
    - Flutter
  - video_player_avfoundation (0.0.1):
    - Flutter
    - FlutterMacOS

DEPENDENCIES:
  - device_info_plus (from `.symlinks/plugins/device_info_plus/ios`)
  - Flutter (from `Flutter`)
  - flutter_inappwebview_ios (from `.symlinks/plugins/flutter_inappwebview_ios/ios`)
  - flutter_keyboard_visibility (from `.symlinks/plugins/flutter_keyboard_visibility/ios`)
  - flutter_native_splash (from `.symlinks/plugins/flutter_native_splash/ios`)
  - gal (from `.symlinks/plugins/gal/darwin`)
  - image_picker_ios (from `.symlinks/plugins/image_picker_ios/ios`)
  - irondash_engine_context (from `.symlinks/plugins/irondash_engine_context/ios`)
  - path_provider_foundation (from `.symlinks/plugins/path_provider_foundation/darwin`)
  - sqflite_darwin (from `.symlinks/plugins/sqflite_darwin/darwin`)
  - super_native_extensions (from `.symlinks/plugins/super_native_extensions/ios`)
  - url_launcher_ios (from `.symlinks/plugins/url_launcher_ios/ios`)
  - video_player_avfoundation (from `.symlinks/plugins/video_player_avfoundation/darwin`)

SPEC REPOS:
  trunk:
    - OrderedSet

EXTERNAL SOURCES:
  device_info_plus:
    :path: ".symlinks/plugins/device_info_plus/ios"
  Flutter:
    :path: Flutter
  flutter_inappwebview_ios:
    :path: ".symlinks/plugins/flutter_inappwebview_ios/ios"
  flutter_keyboard_visibility:
    :path: ".symlinks/plugins/flutter_keyboard_visibility/ios"
  flutter_native_splash:
    :path: ".symlinks/plugins/flutter_native_splash/ios"
  gal:
    :path: ".symlinks/plugins/gal/darwin"
  image_picker_ios:
    :path: ".symlinks/plugins/image_picker_ios/ios"
  irondash_engine_context:
    :path: ".symlinks/plugins/irondash_engine_context/ios"
  path_provider_foundation:
    :path: ".symlinks/plugins/path_provider_foundation/darwin"
  sqflite_darwin:
    :path: ".symlinks/plugins/sqflite_darwin/darwin"
  super_native_extensions:
    :path: ".symlinks/plugins/super_native_extensions/ios"
  url_launcher_ios:
    :path: ".symlinks/plugins/url_launcher_ios/ios"
  video_player_avfoundation:
    :path: ".symlinks/plugins/video_player_avfoundation/darwin"

SPEC CHECKSUMS:
  device_info_plus: 97af1d7e84681a90d0693e63169a5d50e0839a0d
  Flutter: e0871f40cf51350855a761d2e70bf5af5b9b5de7
  flutter_inappwebview_ios: 6f63631e2c62a7c350263b13fa5427aedefe81d4
  flutter_keyboard_visibility: 0339d06371254c3eb25eeb90ba8d17dca8f9c069
  flutter_native_splash: edf599c81f74d093a4daf8e17bd7a018854bc778
  gal: 61e868295d28fe67ffa297fae6dacebf56fd53e1
  image_picker_ios: c560581cceedb403a6ff17f2f816d7fea1421fc1
  irondash_engine_context: 3458bf979b90d616ffb8ae03a150bafe2e860cc9
  OrderedSet: e539b66b644ff081c73a262d24ad552a69be3a94
  path_provider_foundation: 2b6b4c569c0fb62ec74538f866245ac84301af46
  sqflite_darwin: a553b1fd6fe66f53bbb0fe5b4f5bab93f08d7a13
  super_native_extensions: 4916b3c627a9c7fffdc48a23a9eca0b1ac228fa7
  url_launcher_ios: 5334b05cef931de560670eeae103fd3e431ac3fe
  video_player_avfoundation: 7c6c11d8470e1675df7397027218274b6d2360b3

PODFILE CHECKSUM: 7be2f5f74864d463a8ad433546ed1de7e0f29aef

COCOAPODS: 1.15.2
